// !$*UTF8*$!
{
	archiveVersion = 1;
	classes = {
	};
	objectVersion = 51;
	objects = {

/* Begin PBXBuildFile section */
		05413E2159E32D528F53A7F3 /* Pods_FireAppTests.framework in Frameworks */ = {isa = PBXBuildFile; fileRef = 88ACA8C798A92841D762F6BD /* Pods_FireAppTests.framework */; };
		24CCCD0EC24DA4F3328E8BC3 /* Pods_FireApp_FireAppUITests.framework in Frameworks */ = {isa = PBXBuildFile; fileRef = 832055B90D5B9E2F6CF522C6 /* Pods_FireApp_FireAppUITests.framework */; };
		842F0C93266576900078175F /* AppDelegate.swift in Sources */ = {isa = PBXBuildFile; fileRef = 842F0C92266576900078175F /* AppDelegate.swift */; };
		842F0C95266576900078175F /* SceneDelegate.swift in Sources */ = {isa = PBXBuildFile; fileRef = 842F0C94266576900078175F /* SceneDelegate.swift */; };
		842F0C9A266576900078175F /* Main.storyboard in Resources */ = {isa = PBXBuildFile; fileRef = 842F0C98266576900078175F /* Main.storyboard */; };
		842F0C9C266576910078175F /* Assets.xcassets in Resources */ = {isa = PBXBuildFile; fileRef = 842F0C9B266576910078175F /* Assets.xcassets */; };
		842F0C9F266576910078175F /* LaunchScreen.storyboard in Resources */ = {isa = PBXBuildFile; fileRef = 842F0C9D266576910078175F /* LaunchScreen.storyboard */; };
		842F0CAA266576910078175F /* FireAppTests.swift in Sources */ = {isa = PBXBuildFile; fileRef = 842F0CA9266576910078175F /* FireAppTests.swift */; };
		842F0CB5266576920078175F /* FireAppUITests.swift in Sources */ = {isa = PBXBuildFile; fileRef = 842F0CB4266576920078175F /* FireAppUITests.swift */; };
		843FE35A2667123500E900C9 /* MainTabBarController.swift in Sources */ = {isa = PBXBuildFile; fileRef = 843FE3592667123500E900C9 /* MainTabBarController.swift */; };
		843FE3672667172700E900C9 /* Life.storyboard in Resources */ = {isa = PBXBuildFile; fileRef = 843FE3662667172700E900C9 /* Life.storyboard */; };
		843FE36C2667174800E900C9 /* Investment.storyboard in Resources */ = {isa = PBXBuildFile; fileRef = 843FE36B2667174800E900C9 /* Investment.storyboard */; };
		843FE3712667176C00E900C9 /* FireViewController.swift in Sources */ = {isa = PBXBuildFile; fileRef = 843FE3702667176C00E900C9 /* FireViewController.swift */; };
		843FE376266717AA00E900C9 /* LifeViewController.swift in Sources */ = {isa = PBXBuildFile; fileRef = 843FE375266717A900E900C9 /* LifeViewController.swift */; };
		843FE37B26671C4F00E900C9 /* InvestmentViewController.swift in Sources */ = {isa = PBXBuildFile; fileRef = 843FE37A26671C4F00E900C9 /* InvestmentViewController.swift */; };
		E527E193267E54A6008124AD /* Fire.storyboard in Resources */ = {isa = PBXBuildFile; fileRef = E527E192267E54A6008124AD /* Fire.storyboard */; };
		E538B3BA267EAC110045828E /* SpreadsheetCell.swift in Sources */ = {isa = PBXBuildFile; fileRef = E538B3B9267EAC110045828E /* SpreadsheetCell.swift */; };
		F0DCF0232B8459D543959BEB /* Pods_FireApp.framework in Frameworks */ = {isa = PBXBuildFile; fileRef = 3F445D9AD094AA1A14EC4F20 /* Pods_FireApp.framework */; };
/* End PBXBuildFile section */

/* Begin PBXContainerItemProxy section */
		842F0CA6266576910078175F /* PBXContainerItemProxy */ = {
			isa = PBXContainerItemProxy;
			containerPortal = 842F0C87266576900078175F /* Project object */;
			proxyType = 1;
			remoteGlobalIDString = 842F0C8E266576900078175F;
			remoteInfo = FireApp;
		};
		842F0CB1266576910078175F /* PBXContainerItemProxy */ = {
			isa = PBXContainerItemProxy;
			containerPortal = 842F0C87266576900078175F /* Project object */;
			proxyType = 1;
			remoteGlobalIDString = 842F0C8E266576900078175F;
			remoteInfo = FireApp;
		};
/* End PBXContainerItemProxy section */

/* Begin PBXFileReference section */
		19C619E0B025D43A08625794 /* Pods-FireApp.debug.xcconfig */ = {isa = PBXFileReference; includeInIndex = 1; lastKnownFileType = text.xcconfig; name = "Pods-FireApp.debug.xcconfig"; path = "Target Support Files/Pods-FireApp/Pods-FireApp.debug.xcconfig"; sourceTree = "<group>"; };
		3F445D9AD094AA1A14EC4F20 /* Pods_FireApp.framework */ = {isa = PBXFileReference; explicitFileType = wrapper.framework; includeInIndex = 0; path = Pods_FireApp.framework; sourceTree = BUILT_PRODUCTS_DIR; };
		7EA002E6AF369291CC9DD35C /* Pods-FireApp-FireAppUITests.release.xcconfig */ = {isa = PBXFileReference; includeInIndex = 1; lastKnownFileType = text.xcconfig; name = "Pods-FireApp-FireAppUITests.release.xcconfig"; path = "Target Support Files/Pods-FireApp-FireAppUITests/Pods-FireApp-FireAppUITests.release.xcconfig"; sourceTree = "<group>"; };
		832055B90D5B9E2F6CF522C6 /* Pods_FireApp_FireAppUITests.framework */ = {isa = PBXFileReference; explicitFileType = wrapper.framework; includeInIndex = 0; path = Pods_FireApp_FireAppUITests.framework; sourceTree = BUILT_PRODUCTS_DIR; };
		842F0C8F266576900078175F /* FireApp.app */ = {isa = PBXFileReference; explicitFileType = wrapper.application; includeInIndex = 0; path = FireApp.app; sourceTree = BUILT_PRODUCTS_DIR; };
		842F0C92266576900078175F /* AppDelegate.swift */ = {isa = PBXFileReference; lastKnownFileType = sourcecode.swift; path = AppDelegate.swift; sourceTree = "<group>"; };
		842F0C94266576900078175F /* SceneDelegate.swift */ = {isa = PBXFileReference; lastKnownFileType = sourcecode.swift; path = SceneDelegate.swift; sourceTree = "<group>"; };
		842F0C99266576900078175F /* Base */ = {isa = PBXFileReference; lastKnownFileType = file.storyboard; name = Base; path = Base.lproj/Main.storyboard; sourceTree = "<group>"; };
		842F0C9B266576910078175F /* Assets.xcassets */ = {isa = PBXFileReference; lastKnownFileType = folder.assetcatalog; path = Assets.xcassets; sourceTree = "<group>"; };
		842F0C9E266576910078175F /* Base */ = {isa = PBXFileReference; lastKnownFileType = file.storyboard; name = Base; path = Base.lproj/LaunchScreen.storyboard; sourceTree = "<group>"; };
		842F0CA0266576910078175F /* Info.plist */ = {isa = PBXFileReference; lastKnownFileType = text.plist.xml; path = Info.plist; sourceTree = "<group>"; };
		842F0CA5266576910078175F /* FireAppTests.xctest */ = {isa = PBXFileReference; explicitFileType = wrapper.cfbundle; includeInIndex = 0; path = FireAppTests.xctest; sourceTree = BUILT_PRODUCTS_DIR; };
		842F0CA9266576910078175F /* FireAppTests.swift */ = {isa = PBXFileReference; lastKnownFileType = sourcecode.swift; path = FireAppTests.swift; sourceTree = "<group>"; };
		842F0CAB266576910078175F /* Info.plist */ = {isa = PBXFileReference; lastKnownFileType = text.plist.xml; path = Info.plist; sourceTree = "<group>"; };
		842F0CB0266576910078175F /* FireAppUITests.xctest */ = {isa = PBXFileReference; explicitFileType = wrapper.cfbundle; includeInIndex = 0; path = FireAppUITests.xctest; sourceTree = BUILT_PRODUCTS_DIR; };
		842F0CB4266576920078175F /* FireAppUITests.swift */ = {isa = PBXFileReference; lastKnownFileType = sourcecode.swift; path = FireAppUITests.swift; sourceTree = "<group>"; };
		842F0CB6266576920078175F /* Info.plist */ = {isa = PBXFileReference; lastKnownFileType = text.plist.xml; path = Info.plist; sourceTree = "<group>"; };
		843FE3592667123500E900C9 /* MainTabBarController.swift */ = {isa = PBXFileReference; lastKnownFileType = sourcecode.swift; path = MainTabBarController.swift; sourceTree = "<group>"; };
		843FE3662667172700E900C9 /* Life.storyboard */ = {isa = PBXFileReference; lastKnownFileType = file.storyboard; path = Life.storyboard; sourceTree = "<group>"; };
		843FE36B2667174800E900C9 /* Investment.storyboard */ = {isa = PBXFileReference; lastKnownFileType = file.storyboard; path = Investment.storyboard; sourceTree = "<group>"; };
		843FE3702667176C00E900C9 /* FireViewController.swift */ = {isa = PBXFileReference; lastKnownFileType = sourcecode.swift; path = FireViewController.swift; sourceTree = "<group>"; };
		843FE375266717A900E900C9 /* LifeViewController.swift */ = {isa = PBXFileReference; lastKnownFileType = sourcecode.swift; path = LifeViewController.swift; sourceTree = "<group>"; };
		843FE37A26671C4F00E900C9 /* InvestmentViewController.swift */ = {isa = PBXFileReference; lastKnownFileType = sourcecode.swift; path = InvestmentViewController.swift; sourceTree = "<group>"; };
		869A0328C0EB009CFB5B042C /* Pods-FireAppTests.debug.xcconfig */ = {isa = PBXFileReference; includeInIndex = 1; lastKnownFileType = text.xcconfig; name = "Pods-FireAppTests.debug.xcconfig"; path = "Target Support Files/Pods-FireAppTests/Pods-FireAppTests.debug.xcconfig"; sourceTree = "<group>"; };
		88ACA8C798A92841D762F6BD /* Pods_FireAppTests.framework */ = {isa = PBXFileReference; explicitFileType = wrapper.framework; includeInIndex = 0; path = Pods_FireAppTests.framework; sourceTree = BUILT_PRODUCTS_DIR; };
		A1D94D3195A1A343D8EE67C5 /* Pods-FireAppTests.release.xcconfig */ = {isa = PBXFileReference; includeInIndex = 1; lastKnownFileType = text.xcconfig; name = "Pods-FireAppTests.release.xcconfig"; path = "Target Support Files/Pods-FireAppTests/Pods-FireAppTests.release.xcconfig"; sourceTree = "<group>"; };
		B653F3B51E3588D4F7D8929D /* Pods-FireApp.release.xcconfig */ = {isa = PBXFileReference; includeInIndex = 1; lastKnownFileType = text.xcconfig; name = "Pods-FireApp.release.xcconfig"; path = "Target Support Files/Pods-FireApp/Pods-FireApp.release.xcconfig"; sourceTree = "<group>"; };
		C2AB9CA37D5312B42B75EB34 /* Pods-FireApp-FireAppUITests.debug.xcconfig */ = {isa = PBXFileReference; includeInIndex = 1; lastKnownFileType = text.xcconfig; name = "Pods-FireApp-FireAppUITests.debug.xcconfig"; path = "Target Support Files/Pods-FireApp-FireAppUITests/Pods-FireApp-FireAppUITests.debug.xcconfig"; sourceTree = "<group>"; };
		E527E192267E54A6008124AD /* Fire.storyboard */ = {isa = PBXFileReference; fileEncoding = 4; lastKnownFileType = file.storyboard; path = Fire.storyboard; sourceTree = "<group>"; };
		E538B3B9267EAC110045828E /* SpreadsheetCell.swift */ = {isa = PBXFileReference; lastKnownFileType = sourcecode.swift; path = SpreadsheetCell.swift; sourceTree = "<group>"; };
/* End PBXFileReference section */

/* Begin PBXFrameworksBuildPhase section */
		842F0C8C266576900078175F /* Frameworks */ = {
			isa = PBXFrameworksBuildPhase;
			buildActionMask = 2147483647;
			files = (
				F0DCF0232B8459D543959BEB /* Pods_FireApp.framework in Frameworks */,
			);
			runOnlyForDeploymentPostprocessing = 0;
		};
		842F0CA2266576910078175F /* Frameworks */ = {
			isa = PBXFrameworksBuildPhase;
			buildActionMask = 2147483647;
			files = (
				05413E2159E32D528F53A7F3 /* Pods_FireAppTests.framework in Frameworks */,
			);
			runOnlyForDeploymentPostprocessing = 0;
		};
		842F0CAD266576910078175F /* Frameworks */ = {
			isa = PBXFrameworksBuildPhase;
			buildActionMask = 2147483647;
			files = (
				24CCCD0EC24DA4F3328E8BC3 /* Pods_FireApp_FireAppUITests.framework in Frameworks */,
			);
			runOnlyForDeploymentPostprocessing = 0;
		};
/* End PBXFrameworksBuildPhase section */

/* Begin PBXGroup section */
		6883D3651C173E370C205134 /* Frameworks */ = {
			isa = PBXGroup;
			children = (
				3F445D9AD094AA1A14EC4F20 /* Pods_FireApp.framework */,
				832055B90D5B9E2F6CF522C6 /* Pods_FireApp_FireAppUITests.framework */,
				88ACA8C798A92841D762F6BD /* Pods_FireAppTests.framework */,
			);
			name = Frameworks;
			sourceTree = "<group>";
		};
		842F0C86266576900078175F = {
			isa = PBXGroup;
			children = (
				842F0C91266576900078175F /* FireApp */,
				842F0CA8266576910078175F /* FireAppTests */,
				842F0CB3266576920078175F /* FireAppUITests */,
				842F0C90266576900078175F /* Products */,
				E41288311E0E0D9C0A2FD3C4 /* Pods */,
				6883D3651C173E370C205134 /* Frameworks */,
			);
			sourceTree = "<group>";
		};
		842F0C90266576900078175F /* Products */ = {
			isa = PBXGroup;
			children = (
				842F0C8F266576900078175F /* FireApp.app */,
				842F0CA5266576910078175F /* FireAppTests.xctest */,
				842F0CB0266576910078175F /* FireAppUITests.xctest */,
			);
			name = Products;
			sourceTree = "<group>";
		};
		842F0C91266576900078175F /* FireApp */ = {
			isa = PBXGroup;
			children = (
				E5BF8B7526C980B20054D7E4 /* Model */,
				E5BF8B7626C980BC0054D7E4 /* ViewModel */,
				843FE38A2667975600E900C9 /* Controller */,
				843FE3892667968000E900C9 /* Storyboard */,
				E538B3B8267EABD80045828E /* View */,
				842F0C92266576900078175F /* AppDelegate.swift */,
				842F0C94266576900078175F /* SceneDelegate.swift */,
				842F0C9B266576910078175F /* Assets.xcassets */,
				842F0C9D266576910078175F /* LaunchScreen.storyboard */,
				842F0CA0266576910078175F /* Info.plist */,
			);
			path = FireApp;
			sourceTree = "<group>";
		};
		842F0CA8266576910078175F /* FireAppTests */ = {
			isa = PBXGroup;
			children = (
				842F0CA9266576910078175F /* FireAppTests.swift */,
				842F0CAB266576910078175F /* Info.plist */,
			);
			path = FireAppTests;
			sourceTree = "<group>";
		};
		842F0CB3266576920078175F /* FireAppUITests */ = {
			isa = PBXGroup;
			children = (
				842F0CB4266576920078175F /* FireAppUITests.swift */,
				842F0CB6266576920078175F /* Info.plist */,
			);
			path = FireAppUITests;
			sourceTree = "<group>";
		};
		843FE3892667968000E900C9 /* Storyboard */ = {
			isa = PBXGroup;
			children = (
				842F0C98266576900078175F /* Main.storyboard */,
				E527E192267E54A6008124AD /* Fire.storyboard */,
				843FE3662667172700E900C9 /* Life.storyboard */,
				843FE36B2667174800E900C9 /* Investment.storyboard */,
			);
			path = Storyboard;
			sourceTree = "<group>";
		};
		843FE38A2667975600E900C9 /* Controller */ = {
			isa = PBXGroup;
			children = (
				843FE3592667123500E900C9 /* MainTabBarController.swift */,
				843FE3702667176C00E900C9 /* FireViewController.swift */,
				843FE375266717A900E900C9 /* LifeViewController.swift */,
				843FE37A26671C4F00E900C9 /* InvestmentViewController.swift */,
			);
			path = Controller;
			sourceTree = "<group>";
		};
		E41288311E0E0D9C0A2FD3C4 /* Pods */ = {
			isa = PBXGroup;
			children = (
				19C619E0B025D43A08625794 /* Pods-FireApp.debug.xcconfig */,
				B653F3B51E3588D4F7D8929D /* Pods-FireApp.release.xcconfig */,
				C2AB9CA37D5312B42B75EB34 /* Pods-FireApp-FireAppUITests.debug.xcconfig */,
				7EA002E6AF369291CC9DD35C /* Pods-FireApp-FireAppUITests.release.xcconfig */,
				869A0328C0EB009CFB5B042C /* Pods-FireAppTests.debug.xcconfig */,
				A1D94D3195A1A343D8EE67C5 /* Pods-FireAppTests.release.xcconfig */,
			);
			path = Pods;
			sourceTree = "<group>";
		};
		E538B3B8267EABD80045828E /* View */ = {
			isa = PBXGroup;
			children = (
				E538B3B9267EAC110045828E /* SpreadsheetCell.swift */,
			);
			path = View;
			sourceTree = "<group>";
		};
		E5BF8B7526C980B20054D7E4 /* Model */ = {
			isa = PBXGroup;
			children = (
			);
			path = Model;
			sourceTree = "<group>";
		};
		E5BF8B7626C980BC0054D7E4 /* ViewModel */ = {
			isa = PBXGroup;
			children = (
			);
			path = ViewModel;
			sourceTree = "<group>";
		};
/* End PBXGroup section */

/* Begin PBXNativeTarget section */
		842F0C8E266576900078175F /* FireApp */ = {
			isa = PBXNativeTarget;
			buildConfigurationList = 842F0CB9266576920078175F /* Build configuration list for PBXNativeTarget "FireApp" */;
			buildPhases = (
				FD214D563943D841AA85162B /* [CP] Check Pods Manifest.lock */,
				842F0C8B266576900078175F /* Sources */,
				842F0C8C266576900078175F /* Frameworks */,
				842F0C8D266576900078175F /* Resources */,
				07673DF8EBEB126B9A009A32 /* [CP] Embed Pods Frameworks */,
			);
			buildRules = (
			);
			dependencies = (
			);
			name = FireApp;
			productName = FireApp;
			productReference = 842F0C8F266576900078175F /* FireApp.app */;
			productType = "com.apple.product-type.application";
		};
		842F0CA4266576910078175F /* FireAppTests */ = {
			isa = PBXNativeTarget;
			buildConfigurationList = 842F0CBC266576920078175F /* Build configuration list for PBXNativeTarget "FireAppTests" */;
			buildPhases = (
				19CD8BDA7C0CDB39696FEEAD /* [CP] Check Pods Manifest.lock */,
				842F0CA1266576910078175F /* Sources */,
				842F0CA2266576910078175F /* Frameworks */,
				842F0CA3266576910078175F /* Resources */,
			);
			buildRules = (
			);
			dependencies = (
				842F0CA7266576910078175F /* PBXTargetDependency */,
			);
			name = FireAppTests;
			productName = FireAppTests;
			productReference = 842F0CA5266576910078175F /* FireAppTests.xctest */;
			productType = "com.apple.product-type.bundle.unit-test";
		};
		842F0CAF266576910078175F /* FireAppUITests */ = {
			isa = PBXNativeTarget;
			buildConfigurationList = 842F0CBF266576920078175F /* Build configuration list for PBXNativeTarget "FireAppUITests" */;
			buildPhases = (
				AFC6DF7B2049296172503D3A /* [CP] Check Pods Manifest.lock */,
				842F0CAC266576910078175F /* Sources */,
				842F0CAD266576910078175F /* Frameworks */,
				842F0CAE266576910078175F /* Resources */,
				9B54A631018BC06F98AA755B /* [CP] Embed Pods Frameworks */,
			);
			buildRules = (
			);
			dependencies = (
				842F0CB2266576910078175F /* PBXTargetDependency */,
			);
			name = FireAppUITests;
			productName = FireAppUITests;
			productReference = 842F0CB0266576910078175F /* FireAppUITests.xctest */;
			productType = "com.apple.product-type.bundle.ui-testing";
		};
/* End PBXNativeTarget section */

/* Begin PBXProject section */
		842F0C87266576900078175F /* Project object */ = {
			isa = PBXProject;
			attributes = {
				LastSwiftUpdateCheck = 1230;
				LastUpgradeCheck = 1230;
				TargetAttributes = {
					842F0C8E266576900078175F = {
						CreatedOnToolsVersion = 12.3;
					};
					842F0CA4266576910078175F = {
						CreatedOnToolsVersion = 12.3;
						TestTargetID = 842F0C8E266576900078175F;
					};
					842F0CAF266576910078175F = {
						CreatedOnToolsVersion = 12.3;
						TestTargetID = 842F0C8E266576900078175F;
					};
				};
			};
			buildConfigurationList = 842F0C8A266576900078175F /* Build configuration list for PBXProject "FireApp" */;
			compatibilityVersion = "Xcode 9.3";
			developmentRegion = en;
			hasScannedForEncodings = 0;
			knownRegions = (
				en,
				Base,
			);
			mainGroup = 842F0C86266576900078175F;
			productRefGroup = 842F0C90266576900078175F /* Products */;
			projectDirPath = "";
			projectRoot = "";
			targets = (
				842F0C8E266576900078175F /* FireApp */,
				842F0CA4266576910078175F /* FireAppTests */,
				842F0CAF266576910078175F /* FireAppUITests */,
			);
		};
/* End PBXProject section */

/* Begin PBXResourcesBuildPhase section */
		842F0C8D266576900078175F /* Resources */ = {
			isa = PBXResourcesBuildPhase;
			buildActionMask = 2147483647;
			files = (
				E527E193267E54A6008124AD /* Fire.storyboard in Resources */,
				843FE3672667172700E900C9 /* Life.storyboard in Resources */,
				842F0C9F266576910078175F /* LaunchScreen.storyboard in Resources */,
				842F0C9C266576910078175F /* Assets.xcassets in Resources */,
				842F0C9A266576900078175F /* Main.storyboard in Resources */,
				843FE36C2667174800E900C9 /* Investment.storyboard in Resources */,
			);
			runOnlyForDeploymentPostprocessing = 0;
		};
		842F0CA3266576910078175F /* Resources */ = {
			isa = PBXResourcesBuildPhase;
			buildActionMask = 2147483647;
			files = (
			);
			runOnlyForDeploymentPostprocessing = 0;
		};
		842F0CAE266576910078175F /* Resources */ = {
			isa = PBXResourcesBuildPhase;
			buildActionMask = 2147483647;
			files = (
			);
			runOnlyForDeploymentPostprocessing = 0;
		};
/* End PBXResourcesBuildPhase section */

/* Begin PBXShellScriptBuildPhase section */
		07673DF8EBEB126B9A009A32 /* [CP] Embed Pods Frameworks */ = {
			isa = PBXShellScriptBuildPhase;
			buildActionMask = 2147483647;
			files = (
			);
			inputFileListPaths = (
				"${PODS_ROOT}/Target Support Files/Pods-FireApp/Pods-FireApp-frameworks-${CONFIGURATION}-input-files.xcfilelist",
			);
			name = "[CP] Embed Pods Frameworks";
			outputFileListPaths = (
				"${PODS_ROOT}/Target Support Files/Pods-FireApp/Pods-FireApp-frameworks-${CONFIGURATION}-output-files.xcfilelist",
			);
			runOnlyForDeploymentPostprocessing = 0;
			shellPath = /bin/sh;
			shellScript = "\"${PODS_ROOT}/Target Support Files/Pods-FireApp/Pods-FireApp-frameworks.sh\"\n";
			showEnvVarsInLog = 0;
		};
		19CD8BDA7C0CDB39696FEEAD /* [CP] Check Pods Manifest.lock */ = {
			isa = PBXShellScriptBuildPhase;
			buildActionMask = 2147483647;
			files = (
			);
			inputFileListPaths = (
			);
			inputPaths = (
				"${PODS_PODFILE_DIR_PATH}/Podfile.lock",
				"${PODS_ROOT}/Manifest.lock",
			);
			name = "[CP] Check Pods Manifest.lock";
			outputFileListPaths = (
			);
			outputPaths = (
				"$(DERIVED_FILE_DIR)/Pods-FireAppTests-checkManifestLockResult.txt",
			);
			runOnlyForDeploymentPostprocessing = 0;
			shellPath = /bin/sh;
			shellScript = "diff \"${PODS_PODFILE_DIR_PATH}/Podfile.lock\" \"${PODS_ROOT}/Manifest.lock\" > /dev/null\nif [ $? != 0 ] ; then\n    # print error to STDERR\n    echo \"error: The sandbox is not in sync with the Podfile.lock. Run 'pod install' or update your CocoaPods installation.\" >&2\n    exit 1\nfi\n# This output is used by Xcode 'outputs' to avoid re-running this script phase.\necho \"SUCCESS\" > \"${SCRIPT_OUTPUT_FILE_0}\"\n";
			showEnvVarsInLog = 0;
		};
		9B54A631018BC06F98AA755B /* [CP] Embed Pods Frameworks */ = {
			isa = PBXShellScriptBuildPhase;
			buildActionMask = 2147483647;
			files = (
			);
			inputFileListPaths = (
				"${PODS_ROOT}/Target Support Files/Pods-FireApp-FireAppUITests/Pods-FireApp-FireAppUITests-frameworks-${CONFIGURATION}-input-files.xcfilelist",
			);
			name = "[CP] Embed Pods Frameworks";
			outputFileListPaths = (
				"${PODS_ROOT}/Target Support Files/Pods-FireApp-FireAppUITests/Pods-FireApp-FireAppUITests-frameworks-${CONFIGURATION}-output-files.xcfilelist",
			);
			runOnlyForDeploymentPostprocessing = 0;
			shellPath = /bin/sh;
			shellScript = "\"${PODS_ROOT}/Target Support Files/Pods-FireApp-FireAppUITests/Pods-FireApp-FireAppUITests-frameworks.sh\"\n";
			showEnvVarsInLog = 0;
		};
		AFC6DF7B2049296172503D3A /* [CP] Check Pods Manifest.lock */ = {
			isa = PBXShellScriptBuildPhase;
			buildActionMask = 2147483647;
			files = (
			);
			inputFileListPaths = (
			);
			inputPaths = (
				"${PODS_PODFILE_DIR_PATH}/Podfile.lock",
				"${PODS_ROOT}/Manifest.lock",
			);
			name = "[CP] Check Pods Manifest.lock";
			outputFileListPaths = (
			);
			outputPaths = (
				"$(DERIVED_FILE_DIR)/Pods-FireApp-FireAppUITests-checkManifestLockResult.txt",
			);
			runOnlyForDeploymentPostprocessing = 0;
			shellPath = /bin/sh;
			shellScript = "diff \"${PODS_PODFILE_DIR_PATH}/Podfile.lock\" \"${PODS_ROOT}/Manifest.lock\" > /dev/null\nif [ $? != 0 ] ; then\n    # print error to STDERR\n    echo \"error: The sandbox is not in sync with the Podfile.lock. Run 'pod install' or update your CocoaPods installation.\" >&2\n    exit 1\nfi\n# This output is used by Xcode 'outputs' to avoid re-running this script phase.\necho \"SUCCESS\" > \"${SCRIPT_OUTPUT_FILE_0}\"\n";
			showEnvVarsInLog = 0;
		};
		FD214D563943D841AA85162B /* [CP] Check Pods Manifest.lock */ = {
			isa = PBXShellScriptBuildPhase;
			buildActionMask = 2147483647;
			files = (
			);
			inputFileListPaths = (
			);
			inputPaths = (
				"${PODS_PODFILE_DIR_PATH}/Podfile.lock",
				"${PODS_ROOT}/Manifest.lock",
			);
			name = "[CP] Check Pods Manifest.lock";
			outputFileListPaths = (
			);
			outputPaths = (
				"$(DERIVED_FILE_DIR)/Pods-FireApp-checkManifestLockResult.txt",
			);
			runOnlyForDeploymentPostprocessing = 0;
			shellPath = /bin/sh;
			shellScript = "diff \"${PODS_PODFILE_DIR_PATH}/Podfile.lock\" \"${PODS_ROOT}/Manifest.lock\" > /dev/null\nif [ $? != 0 ] ; then\n    # print error to STDERR\n    echo \"error: The sandbox is not in sync with the Podfile.lock. Run 'pod install' or update your CocoaPods installation.\" >&2\n    exit 1\nfi\n# This output is used by Xcode 'outputs' to avoid re-running this script phase.\necho \"SUCCESS\" > \"${SCRIPT_OUTPUT_FILE_0}\"\n";
			showEnvVarsInLog = 0;
		};
/* End PBXShellScriptBuildPhase section */

/* Begin PBXSourcesBuildPhase section */
		842F0C8B266576900078175F /* Sources */ = {
			isa = PBXSourcesBuildPhase;
			buildActionMask = 2147483647;
			files = (
				843FE376266717AA00E900C9 /* LifeViewController.swift in Sources */,
				843FE3712667176C00E900C9 /* FireViewController.swift in Sources */,
				E538B3BA267EAC110045828E /* SpreadsheetCell.swift in Sources */,
				842F0C93266576900078175F /* AppDelegate.swift in Sources */,
				843FE37B26671C4F00E900C9 /* InvestmentViewController.swift in Sources */,
				842F0C95266576900078175F /* SceneDelegate.swift in Sources */,
				843FE35A2667123500E900C9 /* MainTabBarController.swift in Sources */,
			);
			runOnlyForDeploymentPostprocessing = 0;
		};
		842F0CA1266576910078175F /* Sources */ = {
			isa = PBXSourcesBuildPhase;
			buildActionMask = 2147483647;
			files = (
				842F0CAA266576910078175F /* FireAppTests.swift in Sources */,
			);
			runOnlyForDeploymentPostprocessing = 0;
		};
		842F0CAC266576910078175F /* Sources */ = {
			isa = PBXSourcesBuildPhase;
			buildActionMask = 2147483647;
			files = (
				842F0CB5266576920078175F /* FireAppUITests.swift in Sources */,
			);
			runOnlyForDeploymentPostprocessing = 0;
		};
/* End PBXSourcesBuildPhase section */

/* Begin PBXTargetDependency section */
		842F0CA7266576910078175F /* PBXTargetDependency */ = {
			isa = PBXTargetDependency;
			target = 842F0C8E266576900078175F /* FireApp */;
			targetProxy = 842F0CA6266576910078175F /* PBXContainerItemProxy */;
		};
		842F0CB2266576910078175F /* PBXTargetDependency */ = {
			isa = PBXTargetDependency;
			target = 842F0C8E266576900078175F /* FireApp */;
			targetProxy = 842F0CB1266576910078175F /* PBXContainerItemProxy */;
		};
/* End PBXTargetDependency section */

/* Begin PBXVariantGroup section */
		842F0C98266576900078175F /* Main.storyboard */ = {
			isa = PBXVariantGroup;
			children = (
				842F0C99266576900078175F /* Base */,
			);
			name = Main.storyboard;
			sourceTree = "<group>";
		};
		842F0C9D266576910078175F /* LaunchScreen.storyboard */ = {
			isa = PBXVariantGroup;
			children = (
				842F0C9E266576910078175F /* Base */,
			);
			name = LaunchScreen.storyboard;
			sourceTree = "<group>";
		};
/* End PBXVariantGroup section */

/* Begin XCBuildConfiguration section */
		842F0CB7266576920078175F /* Debug */ = {
			isa = XCBuildConfiguration;
			buildSettings = {
				ALWAYS_SEARCH_USER_PATHS = NO;
				CLANG_ANALYZER_NONNULL = YES;
				CLANG_ANALYZER_NUMBER_OBJECT_CONVERSION = YES_AGGRESSIVE;
				CLANG_CXX_LANGUAGE_STANDARD = "gnu++14";
				CLANG_CXX_LIBRARY = "libc++";
				CLANG_ENABLE_MODULES = YES;
				CLANG_ENABLE_OBJC_ARC = YES;
				CLANG_ENABLE_OBJC_WEAK = YES;
				CLANG_WARN_BLOCK_CAPTURE_AUTORELEASING = YES;
				CLANG_WARN_BOOL_CONVERSION = YES;
				CLANG_WARN_COMMA = YES;
				CLANG_WARN_CONSTANT_CONVERSION = YES;
				CLANG_WARN_DEPRECATED_OBJC_IMPLEMENTATIONS = YES;
				CLANG_WARN_DIRECT_OBJC_ISA_USAGE = YES_ERROR;
				CLANG_WARN_DOCUMENTATION_COMMENTS = YES;
				CLANG_WARN_EMPTY_BODY = YES;
				CLANG_WARN_ENUM_CONVERSION = YES;
				CLANG_WARN_INFINITE_RECURSION = YES;
				CLANG_WARN_INT_CONVERSION = YES;
				CLANG_WARN_NON_LITERAL_NULL_CONVERSION = YES;
				CLANG_WARN_OBJC_IMPLICIT_RETAIN_SELF = YES;
				CLANG_WARN_OBJC_LITERAL_CONVERSION = YES;
				CLANG_WARN_OBJC_ROOT_CLASS = YES_ERROR;
				CLANG_WARN_QUOTED_INCLUDE_IN_FRAMEWORK_HEADER = YES;
				CLANG_WARN_RANGE_LOOP_ANALYSIS = YES;
				CLANG_WARN_STRICT_PROTOTYPES = YES;
				CLANG_WARN_SUSPICIOUS_MOVE = YES;
				CLANG_WARN_UNGUARDED_AVAILABILITY = YES_AGGRESSIVE;
				CLANG_WARN_UNREACHABLE_CODE = YES;
				CLANG_WARN__DUPLICATE_METHOD_MATCH = YES;
				COPY_PHASE_STRIP = NO;
				DEBUG_INFORMATION_FORMAT = dwarf;
				ENABLE_STRICT_OBJC_MSGSEND = YES;
				ENABLE_TESTABILITY = YES;
				GCC_C_LANGUAGE_STANDARD = gnu11;
				GCC_DYNAMIC_NO_PIC = NO;
				GCC_NO_COMMON_BLOCKS = YES;
				GCC_OPTIMIZATION_LEVEL = 0;
				GCC_PREPROCESSOR_DEFINITIONS = (
					"DEBUG=1",
					"$(inherited)",
				);
				GCC_WARN_64_TO_32_BIT_CONVERSION = YES;
				GCC_WARN_ABOUT_RETURN_TYPE = YES_ERROR;
				GCC_WARN_UNDECLARED_SELECTOR = YES;
				GCC_WARN_UNINITIALIZED_AUTOS = YES_AGGRESSIVE;
				GCC_WARN_UNUSED_FUNCTION = YES;
				GCC_WARN_UNUSED_VARIABLE = YES;
				IPHONEOS_DEPLOYMENT_TARGET = 14.3;
				MTL_ENABLE_DEBUG_INFO = INCLUDE_SOURCE;
				MTL_FAST_MATH = YES;
				ONLY_ACTIVE_ARCH = YES;
				SDKROOT = iphoneos;
				SWIFT_ACTIVE_COMPILATION_CONDITIONS = DEBUG;
				SWIFT_OPTIMIZATION_LEVEL = "-Onone";
			};
			name = Debug;
		};
		842F0CB8266576920078175F /* Release */ = {
			isa = XCBuildConfiguration;
			buildSettings = {
				ALWAYS_SEARCH_USER_PATHS = NO;
				CLANG_ANALYZER_NONNULL = YES;
				CLANG_ANALYZER_NUMBER_OBJECT_CONVERSION = YES_AGGRESSIVE;
				CLANG_CXX_LANGUAGE_STANDARD = "gnu++14";
				CLANG_CXX_LIBRARY = "libc++";
				CLANG_ENABLE_MODULES = YES;
				CLANG_ENABLE_OBJC_ARC = YES;
				CLANG_ENABLE_OBJC_WEAK = YES;
				CLANG_WARN_BLOCK_CAPTURE_AUTORELEASING = YES;
				CLANG_WARN_BOOL_CONVERSION = YES;
				CLANG_WARN_COMMA = YES;
				CLANG_WARN_CONSTANT_CONVERSION = YES;
				CLANG_WARN_DEPRECATED_OBJC_IMPLEMENTATIONS = YES;
				CLANG_WARN_DIRECT_OBJC_ISA_USAGE = YES_ERROR;
				CLANG_WARN_DOCUMENTATION_COMMENTS = YES;
				CLANG_WARN_EMPTY_BODY = YES;
				CLANG_WARN_ENUM_CONVERSION = YES;
				CLANG_WARN_INFINITE_RECURSION = YES;
				CLANG_WARN_INT_CONVERSION = YES;
				CLANG_WARN_NON_LITERAL_NULL_CONVERSION = YES;
				CLANG_WARN_OBJC_IMPLICIT_RETAIN_SELF = YES;
				CLANG_WARN_OBJC_LITERAL_CONVERSION = YES;
				CLANG_WARN_OBJC_ROOT_CLASS = YES_ERROR;
				CLANG_WARN_QUOTED_INCLUDE_IN_FRAMEWORK_HEADER = YES;
				CLANG_WARN_RANGE_LOOP_ANALYSIS = YES;
				CLANG_WARN_STRICT_PROTOTYPES = YES;
				CLANG_WARN_SUSPICIOUS_MOVE = YES;
				CLANG_WARN_UNGUARDED_AVAILABILITY = YES_AGGRESSIVE;
				CLANG_WARN_UNREACHABLE_CODE = YES;
				CLANG_WARN__DUPLICATE_METHOD_MATCH = YES;
				COPY_PHASE_STRIP = NO;
				DEBUG_INFORMATION_FORMAT = "dwarf-with-dsym";
				ENABLE_NS_ASSERTIONS = NO;
				ENABLE_STRICT_OBJC_MSGSEND = YES;
				GCC_C_LANGUAGE_STANDARD = gnu11;
				GCC_NO_COMMON_BLOCKS = YES;
				GCC_WARN_64_TO_32_BIT_CONVERSION = YES;
				GCC_WARN_ABOUT_RETURN_TYPE = YES_ERROR;
				GCC_WARN_UNDECLARED_SELECTOR = YES;
				GCC_WARN_UNINITIALIZED_AUTOS = YES_AGGRESSIVE;
				GCC_WARN_UNUSED_FUNCTION = YES;
				GCC_WARN_UNUSED_VARIABLE = YES;
				IPHONEOS_DEPLOYMENT_TARGET = 14.3;
				MTL_ENABLE_DEBUG_INFO = NO;
				MTL_FAST_MATH = YES;
				SDKROOT = iphoneos;
				SWIFT_COMPILATION_MODE = wholemodule;
				SWIFT_OPTIMIZATION_LEVEL = "-O";
				VALIDATE_PRODUCT = YES;
			};
			name = Release;
		};
		842F0CBA266576920078175F /* Debug */ = {
			isa = XCBuildConfiguration;
			baseConfigurationReference = 19C619E0B025D43A08625794 /* Pods-FireApp.debug.xcconfig */;
			buildSettings = {
				ASSETCATALOG_COMPILER_APPICON_NAME = AppIcon;
				ASSETCATALOG_COMPILER_GLOBAL_ACCENT_COLOR_NAME = AccentColor;
				CODE_SIGN_STYLE = Automatic;
				DEVELOPMENT_TEAM = ZAK9L8SB5W;
				INFOPLIST_FILE = FireApp/Info.plist;
				LD_RUNPATH_SEARCH_PATHS = (
					"$(inherited)",
					"@executable_path/Frameworks",
				);
				PRODUCT_BUNDLE_IDENTIFIER = com.gmail.uf1ohdpwgm.FireApp;
				PRODUCT_NAME = "$(TARGET_NAME)";
				SWIFT_VERSION = 5.0;
				TARGETED_DEVICE_FAMILY = "1,2";
			};
			name = Debug;
		};
		842F0CBB266576920078175F /* Release */ = {
			isa = XCBuildConfiguration;
			baseConfigurationReference = B653F3B51E3588D4F7D8929D /* Pods-FireApp.release.xcconfig */;
			buildSettings = {
				ASSETCATALOG_COMPILER_APPICON_NAME = AppIcon;
				ASSETCATALOG_COMPILER_GLOBAL_ACCENT_COLOR_NAME = AccentColor;
				CODE_SIGN_STYLE = Automatic;
				DEVELOPMENT_TEAM = ZAK9L8SB5W;
				INFOPLIST_FILE = FireApp/Info.plist;
				LD_RUNPATH_SEARCH_PATHS = (
					"$(inherited)",
					"@executable_path/Frameworks",
				);
				PRODUCT_BUNDLE_IDENTIFIER = com.gmail.uf1ohdpwgm.FireApp;
				PRODUCT_NAME = "$(TARGET_NAME)";
				SWIFT_VERSION = 5.0;
				TARGETED_DEVICE_FAMILY = "1,2";
			};
			name = Release;
		};
		842F0CBD266576920078175F /* Debug */ = {
			isa = XCBuildConfiguration;
			baseConfigurationReference = 869A0328C0EB009CFB5B042C /* Pods-FireAppTests.debug.xcconfig */;
			buildSettings = {
				ALWAYS_EMBED_SWIFT_STANDARD_LIBRARIES = YES;
				BUNDLE_LOADER = "$(TEST_HOST)";
				CODE_SIGN_STYLE = Automatic;
				INFOPLIST_FILE = FireAppTests/Info.plist;
				IPHONEOS_DEPLOYMENT_TARGET = 14.3;
				LD_RUNPATH_SEARCH_PATHS = (
					"$(inherited)",
					"@executable_path/Frameworks",
					"@loader_path/Frameworks",
				);
				PRODUCT_BUNDLE_IDENTIFIER = com.gmail.uf1ohdpwgm.FireAppTests;
				PRODUCT_NAME = "$(TARGET_NAME)";
				SWIFT_VERSION = 5.0;
				TARGETED_DEVICE_FAMILY = "1,2";
				TEST_HOST = "$(BUILT_PRODUCTS_DIR)/FireApp.app/FireApp";
			};
			name = Debug;
		};
		842F0CBE266576920078175F /* Release */ = {
			isa = XCBuildConfiguration;
			baseConfigurationReference = A1D94D3195A1A343D8EE67C5 /* Pods-FireAppTests.release.xcconfig */;
			buildSettings = {
				ALWAYS_EMBED_SWIFT_STANDARD_LIBRARIES = YES;
				BUNDLE_LOADER = "$(TEST_HOST)";
				CODE_SIGN_STYLE = Automatic;
				INFOPLIST_FILE = FireAppTests/Info.plist;
				IPHONEOS_DEPLOYMENT_TARGET = 14.3;
				LD_RUNPATH_SEARCH_PATHS = (
					"$(inherited)",
					"@executable_path/Frameworks",
					"@loader_path/Frameworks",
				);
				PRODUCT_BUNDLE_IDENTIFIER = com.gmail.uf1ohdpwgm.FireAppTests;
				PRODUCT_NAME = "$(TARGET_NAME)";
				SWIFT_VERSION = 5.0;
				TARGETED_DEVICE_FAMILY = "1,2";
				TEST_HOST = "$(BUILT_PRODUCTS_DIR)/FireApp.app/FireApp";
			};
			name = Release;
		};
		842F0CC0266576920078175F /* Debug */ = {
			isa = XCBuildConfiguration;
			baseConfigurationReference = C2AB9CA37D5312B42B75EB34 /* Pods-FireApp-FireAppUITests.debug.xcconfig */;
			buildSettings = {
				ALWAYS_EMBED_SWIFT_STANDARD_LIBRARIES = YES;
				CODE_SIGN_STYLE = Automatic;
				INFOPLIST_FILE = FireAppUITests/Info.plist;
				LD_RUNPATH_SEARCH_PATHS = (
					"$(inherited)",
					"@executable_path/Frameworks",
					"@loader_path/Frameworks",
				);
				PRODUCT_BUNDLE_IDENTIFIER = com.gmail.uf1ohdpwgm.FireAppUITests;
				PRODUCT_NAME = "$(TARGET_NAME)";
				SWIFT_VERSION = 5.0;
				TARGETED_DEVICE_FAMILY = "1,2";
				TEST_TARGET_NAME = FireApp;
			};
			name = Debug;
		};
		842F0CC1266576920078175F /* Release */ = {
			isa = XCBuildConfiguration;
			baseConfigurationReference = 7EA002E6AF369291CC9DD35C /* Pods-FireApp-FireAppUITests.release.xcconfig */;
			buildSettings = {
				ALWAYS_EMBED_SWIFT_STANDARD_LIBRARIES = YES;
				CODE_SIGN_STYLE = Automatic;
				INFOPLIST_FILE = FireAppUITests/Info.plist;
				LD_RUNPATH_SEARCH_PATHS = (
					"$(inherited)",
					"@executable_path/Frameworks",
					"@loader_path/Frameworks",
				);
				PRODUCT_BUNDLE_IDENTIFIER = com.gmail.uf1ohdpwgm.FireAppUITests;
				PRODUCT_NAME = "$(TARGET_NAME)";
				SWIFT_VERSION = 5.0;
				TARGETED_DEVICE_FAMILY = "1,2";
				TEST_TARGET_NAME = FireApp;
			};
			name = Release;
		};
/* End XCBuildConfiguration section */

/* Begin XCConfigurationList section */
		842F0C8A266576900078175F /* Build configuration list for PBXProject "FireApp" */ = {
			isa = XCConfigurationList;
			buildConfigurations = (
				842F0CB7266576920078175F /* Debug */,
				842F0CB8266576920078175F /* Release */,
			);
			defaultConfigurationIsVisible = 0;
			defaultConfigurationName = Release;
		};
		842F0CB9266576920078175F /* Build configuration list for PBXNativeTarget "FireApp" */ = {
			isa = XCConfigurationList;
			buildConfigurations = (
				842F0CBA266576920078175F /* Debug */,
				842F0CBB266576920078175F /* Release */,
			);
			defaultConfigurationIsVisible = 0;
			defaultConfigurationName = Release;
		};
		842F0CBC266576920078175F /* Build configuration list for PBXNativeTarget "FireAppTests" */ = {
			isa = XCConfigurationList;
			buildConfigurations = (
				842F0CBD266576920078175F /* Debug */,
				842F0CBE266576920078175F /* Release */,
			);
			defaultConfigurationIsVisible = 0;
			defaultConfigurationName = Release;
		};
		842F0CBF266576920078175F /* Build configuration list for PBXNativeTarget "FireAppUITests" */ = {
			isa = XCConfigurationList;
			buildConfigurations = (
				842F0CC0266576920078175F /* Debug */,
				842F0CC1266576920078175F /* Release */,
			);
			defaultConfigurationIsVisible = 0;
			defaultConfigurationName = Release;
		};
/* End XCConfigurationList section */
	};
	rootObject = 842F0C87266576900078175F /* Project object */;
}
